Microsoft Visual Studio Solution File, Format Version 12.00
# Visual Studio Version 17
VisualStudioVersion = 17.8.34221.43
MinimumVisualStudioVersion = 10.0.40219.1
Project("{9A19103F-16F7-4668-BE54-9A1E7A4F7556}") = "SegmentBackend", "src\SegmentBackend\SegmentBackend.csproj", "{2A6D5A3D-7E24-4837-8B75-5D0D2E2C3D91}"
EndProject
Project("{9A19103F-16F7-4668-BE54-9A1E7A4F7556}") = "SegmentBackend.Tests", "tests\SegmentBackend.Tests\SegmentBackend.Tests.csproj", "{8E1A8B5B-3EC3-4A44-8E0B-9E6F1D58B5E2}"
EndProject
Global
	GlobalSection(SolutionConfigurationPlatforms) = preSolution
		Debug|Any CPU = Debug|Any CPU
		Release|Any CPU = Release|Any CPU
	EndGlobalSection
	GlobalSection(ProjectConfigurationPlatforms) = postSolution
		{2A6D5A3D-7E24-4837-8B75-5D0D2E2C3D91}.Debug|Any CPU.ActiveCfg = Debug|Any CPU
		{2A6D5A3D-7E24-4837-8B75-5D0D2E2C3D91}.Debug|Any CPU.Build.0 = Debug|Any CPU
		{2A6D5A3D-7E24-4837-8B75-5D0D2E2C3D91}.Release|Any CPU.ActiveCfg = Release|Any CPU
		{2A6D5A3D-7E24-4837-8B75-5D0D2E2C3D91}.Release|Any CPU.Build.0 = Release|Any CPU
		{8E1A8B5B-3EC3-4A44-8E0B-9E6F1D58B5E2}.Debug|Any CPU.ActiveCfg = Debug|Any CPU
		{8E1A8B5B-3EC3-4A44-8E0B-9E6F1D58B5E2}.Debug|Any CPU.Build.0 = Debug|Any CPU
		{8E1A8B5B-3EC3-4A44-8E0B-9E6F1D58B5E2}.Release|Any CPU.ActiveCfg = Release|Any CPU
		{8E1A8B5B-3EC3-4A44-8E0B-9E6F1D58B5E2}.Release|Any CPU.Build.0 = Release|Any CPU
	EndGlobalSection
	GlobalSection(SolutionProperties) = preSolution
		HideSolutionNode = FALSE
	EndGlobalSection
	GlobalSection(ExtensibilityGlobals) = postSolution
		SolutionGuid = {14752982-92C0-4FA8-987E-EA889DEA3678}
	EndGlobalSection
EndGlobal
