
Microsoft Visual Studio Solution File, Format Version 12.00
# Visual Studio Version 17
VisualStudioVersion = 17.14.36623.8
MinimumVisualStudioVersion = 10.0.40219.1
Project("{FAE04EC0-301F-11D3-BF4B-00C04F79EFBC}") = "Kata_Cupcake", "Kata_Cupcake.csproj", "{D16017C3-8910-4DB8-B8CD-E1B040FAB60C}"
EndProject
Project("{FAE04EC0-301F-11D3-BF4B-00C04F79EFBC}") = "KataTests", "..\KataTests\KataTests.csproj", "{6CBE63DB-8A3B-4B84-9515-9E7EDD579902}"
EndProject
Global
	GlobalSection(SolutionConfigurationPlatforms) = preSolution
		Debug|Any CPU = Debug|Any CPU
		Release|Any CPU = Release|Any CPU
	EndGlobalSection
	GlobalSection(ProjectConfigurationPlatforms) = postSolution
		{D16017C3-8910-4DB8-B8CD-E1B040FAB60C}.Debug|Any CPU.ActiveCfg = Debug|Any CPU
		{D16017C3-8910-4DB8-B8CD-E1B040FAB60C}.Debug|Any CPU.Build.0 = Debug|Any CPU
		{D16017C3-8910-4DB8-B8CD-E1B040FAB60C}.Release|Any CPU.ActiveCfg = Release|Any CPU
		{D16017C3-8910-4DB8-B8CD-E1B040FAB60C}.Release|Any CPU.Build.0 = Release|Any CPU
		{6CBE63DB-8A3B-4B84-9515-9E7EDD579902}.Debug|Any CPU.ActiveCfg = Debug|Any CPU
		{6CBE63DB-8A3B-4B84-9515-9E7EDD579902}.Debug|Any CPU.Build.0 = Debug|Any CPU
		{6CBE63DB-8A3B-4B84-9515-9E7EDD579902}.Release|Any CPU.ActiveCfg = Release|Any CPU
		{6CBE63DB-8A3B-4B84-9515-9E7EDD579902}.Release|Any CPU.Build.0 = Release|Any CPU
	EndGlobalSection
	GlobalSection(SolutionProperties) = preSolution
		HideSolutionNode = FALSE
	EndGlobalSection
	GlobalSection(ExtensibilityGlobals) = postSolution
		SolutionGuid = {F361452C-B578-4CA5-8C84-F3B9DB98DFBA}
	EndGlobalSection
EndGlobal
